{
	"name": "lsp-sample",
	"version": "1.0.0",
	"lockfileVersion": 1,
	"requires": true,
	"dependencies": {
		"@types/mocha": {
			"version": "5.2.0",
			"resolved": "https://registry.npmjs.org/@types/mocha/-/mocha-5.2.0.tgz",
			"integrity": "sha512-YeDiSEzznwZwwp766SJ6QlrTyBYUGPSIwmREHVTmktUYiT/WADdWtpt9iH0KuUSf8lZLdI4lP0X6PBzPo5//JQ==",
			"dev": true
		},
		"@types/multimatch": {
			"version": "2.1.2",
			"resolved": "https://registry.npmjs.org/@types/multimatch/-/multimatch-2.1.2.tgz",
			"integrity": "sha512-2WC+kyYTb1HATEVdVuBerAx+iHnGl8xlnOEjhi791BI94pxtWMk322gVLrvBArogrB229MfIDX2n1G1KglbGMg==",
			"dev": true
		},
		"@types/node": {
			"version": "8.10.18",
			"resolved": "https://registry.npmjs.org/@types/node/-/node-8.10.18.tgz",
			"integrity": "sha512-WoepSz+wJlU5Bjq5oK6cO1oXe2FgPcjMtQPgKPS8fVaTAD0lxkScMCCbMimdkVCsykqaA4lvHWz3cmj28yimhA==",
			"dev": true
		},
		"array-differ": {
			"version": "1.0.0",
			"resolved": "https://registry.npmjs.org/array-differ/-/array-differ-1.0.0.tgz",
			"integrity": "sha1-7/UuN1gknTO+QCuLuOVkuytdQDE="
		},
		"array-union": {
			"version": "1.0.2",
			"resolved": "https://registry.npmjs.org/array-union/-/array-union-1.0.2.tgz",
			"integrity": "sha1-mjRBDk9OPaI96jdb5b5w8kd47Dk=",
			"requires": {
				"array-uniq": "1.0.3"
			}
		},
		"array-uniq": {
			"version": "1.0.3",
			"resolved": "https://registry.npmjs.org/array-uniq/-/array-uniq-1.0.3.tgz",
			"integrity": "sha1-r2rId6Jcx/dOBYiUdThY39sk/bY="
		},
		"arrify": {
			"version": "1.0.1",
			"resolved": "https://registry.npmjs.org/arrify/-/arrify-1.0.1.tgz",
			"integrity": "sha1-iYUI2iIm84DfkEcoRWhJwVAaSw0="
		},
		"balanced-match": {
			"version": "1.0.0",
			"resolved": "https://registry.npmjs.org/balanced-match/-/balanced-match-1.0.0.tgz",
			"integrity": "sha1-ibTRmasr7kneFk6gK4nORi1xt2c="
		},
		"brace-expansion": {
			"version": "1.1.11",
			"resolved": "https://registry.npmjs.org/brace-expansion/-/brace-expansion-1.1.11.tgz",
			"integrity": "sha512-iCuPHDFgrHX7H2vEI/5xpz07zSHB00TpugqhmYtVmMO6518mCuRMoOYFldEBl0g187ufozdaHgWKcYFb61qGiA==",
			"requires": {
				"balanced-match": "1.0.0",
				"concat-map": "0.0.1"
			}
		},
		"concat-map": {
			"version": "0.0.1",
			"resolved": "https://registry.npmjs.org/concat-map/-/concat-map-0.0.1.tgz",
			"integrity": "sha1-2Klr13/Wjfd5OnMDajug1UBdR3s="
		},
		"minimatch": {
			"version": "3.0.4",
			"resolved": "https://registry.npmjs.org/minimatch/-/minimatch-3.0.4.tgz",
			"integrity": "sha512-yJHVQEhyqPLUTgt9B83PXu6W3rx4MvvHvSUvToogpwoGDOUQ+yDrR0HRot+yOCdCO7u4hX3pWft6kWBBcqh0UA==",
			"requires": {
				"brace-expansion": "1.1.11"
			}
		},
		"multimatch": {
			"version": "2.1.0",
			"resolved": "https://registry.npmjs.org/multimatch/-/multimatch-2.1.0.tgz",
			"integrity": "sha1-nHkGoi+0wCkZ4vX3UWG0zb1LKis=",
			"requires": {
				"array-differ": "1.0.0",
				"array-union": "1.0.2",
				"arrify": "1.0.1",
				"minimatch": "3.0.4"
			}
		},
		"tslib": {
			"version": "1.9.3",
			"resolved": "https://registry.npmjs.org/tslib/-/tslib-1.9.3.tgz",
			"integrity": "sha512-4krF8scpejhaOgqzBEcGM7yDIEfi0/8+8zDRZhNZZ2kjmHJ4hv3zCbQWxoJGz1iw5U0Jl0nma13xzHXcncMavQ=="
		},
		"tsutils": {
			"version": "3.0.0",
			"resolved": "https://registry.npmjs.org/tsutils/-/tsutils-3.0.0.tgz",
			"integrity": "sha512-LjHBWR0vWAUHWdIAoTjoqi56Kz+FDKBgVEuL+gVPG/Pv7QW5IdaDDeK9Txlr6U0Cmckp5EgCIq1T25qe3J6hyw==",
			"requires": {
				"tslib": "1.9.3"
			}
		},
		"typescript": {
			"version": "2.8.3",
			"resolved": "https://registry.npmjs.org/typescript/-/typescript-2.8.3.tgz",
			"integrity": "sha512-K7g15Bb6Ra4lKf7Iq2l/I5/En+hLIHmxWZGq3D4DIRNFxMNV6j2SHSvDOqs2tGd4UvD/fJvrwopzQXjLrT7Itw==",
			"dev": true
		},
		"vscode-css-languageservice": {
			"version": "3.0.9",
			"resolved": "https://registry.npmjs.org/vscode-css-languageservice/-/vscode-css-languageservice-3.0.9.tgz",
			"integrity": "sha512-fxAVvS9xgT1Ohyf2+CeJbT+WB6GWnptsAPe3Eao/dqEIJpq6nhugjZwlVVdw0bne9UG7KUoQRsx0++jErx71Zg==",
			"requires": {
				"vscode-languageserver-types": "3.10.1",
				"vscode-nls": "3.2.4"
			}
		},
		"vscode-languageserver-types": {
			"version": "3.10.1",
			"resolved": "https://registry.npmjs.org/vscode-languageserver-types/-/vscode-languageserver-types-3.10.1.tgz",
			"integrity": "sha512-HeQ1BPYJDly4HfKs0h2TUAZyHfzTAhgQsCwsa1tW9PhuvGGsd2r3Q53FFVugwP7/2bUv3GWPoTgAuIAkIdBc4w=="
		},
		"vscode-nls": {
			"version": "3.2.4",
			"resolved": "https://registry.npmjs.org/vscode-nls/-/vscode-nls-3.2.4.tgz",
			"integrity": "sha512-FTjdqa4jDDoBjJqr36O8lmmZf/55kQ2w4ZY/+GL6K92fq765BqO3aYw21atnXUno/P04V5DWagNl4ybDIndJsw=="
		}
	}
}
